// !$*UTF8*$!
{
	archiveVersion = 1;
	classes = {
	};
	objectVersion = 50;
	objects = {

/* Begin PBXBuildFile section */
		700D8F68265A750500CE146F /* AppDelegate.swift in Sources */ = {isa = PBXBuildFile; fileRef = 700D8F67265A750500CE146F /* AppDelegate.swift */; };
		700D8F6A265A750500CE146F /* ViewController.swift in Sources */ = {isa = PBXBuildFile; fileRef = 700D8F69265A750500CE146F /* ViewController.swift */; };
		700D8F6D265A750500CE146F /* Main.storyboard in Resources */ = {isa = PBXBuildFile; fileRef = 700D8F6B265A750500CE146F /* Main.storyboard */; };
		700D8F6F265A750600CE146F /* Assets.xcassets in Resources */ = {isa = PBXBuildFile; fileRef = 700D8F6E265A750600CE146F /* Assets.xcassets */; };
		700D8F72265A750600CE146F /* LaunchScreen.storyboard in Resources */ = {isa = PBXBuildFile; fileRef = 700D8F70265A750600CE146F /* LaunchScreen.storyboard */; };
		700D8F7D265A750600CE146F /* HelloWorldTests.swift in Sources */ = {isa = PBXBuildFile; fileRef = 700D8F7C265A750600CE146F /* HelloWorldTests.swift */; };
		700D8F88265A750600CE146F /* HelloWorldUITests.swift in Sources */ = {isa = PBXBuildFile; fileRef = 700D8F87265A750600CE146F /* HelloWorldUITests.swift */; };
		70E9DAE2265C1673004FDEC8 /* PopUpWindow.swift in Sources */ = {isa = PBXBuildFile; fileRef = 70E9DAE1265C1673004FDEC8 /* PopUpWindow.swift */; };
		70E9DAE4265C36EC004FDEC8 /* BlueViewController.swift in Sources */ = {isa = PBXBuildFile; fileRef = 70E9DAE3265C36EC004FDEC8 /* BlueViewController.swift */; };
/* End PBXBuildFile section */

/* Begin PBXContainerItemProxy section */
		700D8F79265A750600CE146F /* PBXContainerItemProxy */ = {
			isa = PBXContainerItemProxy;
			containerPortal = 700D8F5C265A750500CE146F /* Project object */;
			proxyType = 1;
			remoteGlobalIDString = 700D8F63265A750500CE146F;
			remoteInfo = HelloWorld;
		};
		700D8F84265A750600CE146F /* PBXContainerItemProxy */ = {
			isa = PBXContainerItemProxy;
			containerPortal = 700D8F5C265A750500CE146F /* Project object */;
			proxyType = 1;
			remoteGlobalIDString = 700D8F63265A750500CE146F;
			remoteInfo = HelloWorld;
		};
/* End PBXContainerItemProxy section */

/* Begin PBXFileReference section */
		700D8F64265A750500CE146F /* HelloWorld.app */ = {isa = PBXFileReference; explicitFileType = wrapper.application; includeInIndex = 0; path = HelloWorld.app; sourceTree = BUILT_PRODUCTS_DIR; };
		700D8F67265A750500CE146F /* AppDelegate.swift */ = {isa = PBXFileReference; lastKnownFileType = sourcecode.swift; path = AppDelegate.swift; sourceTree = "<group>"; };
		700D8F69265A750500CE146F /* ViewController.swift */ = {isa = PBXFileReference; lastKnownFileType = sourcecode.swift; path = ViewController.swift; sourceTree = "<group>"; };
		700D8F6C265A750500CE146F /* Base */ = {isa = PBXFileReference; lastKnownFileType = file.storyboard; name = Base; path = Base.lproj/Main.storyboard; sourceTree = "<group>"; };
		700D8F6E265A750600CE146F /* Assets.xcassets */ = {isa = PBXFileReference; lastKnownFileType = folder.assetcatalog; path = Assets.xcassets; sourceTree = "<group>"; };
		700D8F71265A750600CE146F /* Base */ = {isa = PBXFileReference; lastKnownFileType = file.storyboard; name = Base; path = Base.lproj/LaunchScreen.storyboard; sourceTree = "<group>"; };
		700D8F73265A750600CE146F /* Info.plist */ = {isa = PBXFileReference; lastKnownFileType = text.plist.xml; path = Info.plist; sourceTree = "<group>"; };
		700D8F78265A750600CE146F /* HelloWorldTests.xctest */ = {isa = PBXFileReference; explicitFileType = wrapper.cfbundle; includeInIndex = 0; path = HelloWorldTests.xctest; sourceTree = BUILT_PRODUCTS_DIR; };
		700D8F7C265A750600CE146F /* HelloWorldTests.swift */ = {isa = PBXFileReference; lastKnownFileType = sourcecode.swift; path = HelloWorldTests.swift; sourceTree = "<group>"; };
		700D8F7E265A750600CE146F /* Info.plist */ = {isa = PBXFileReference; lastKnownFileType = text.plist.xml; path = Info.plist; sourceTree = "<group>"; };
		700D8F83265A750600CE146F /* HelloWorldUITests.xctest */ = {isa = PBXFileReference; explicitFileType = wrapper.cfbundle; includeInIndex = 0; path = HelloWorldUITests.xctest; sourceTree = BUILT_PRODUCTS_DIR; };
		700D8F87265A750600CE146F /* HelloWorldUITests.swift */ = {isa = PBXFileReference; lastKnownFileType = sourcecode.swift; path = HelloWorldUITests.swift; sourceTree = "<group>"; };
		700D8F89265A750600CE146F /* Info.plist */ = {isa = PBXFileReference; lastKnownFileType = text.plist.xml; path = Info.plist; sourceTree = "<group>"; };
		70E9DAE1265C1673004FDEC8 /* PopUpWindow.swift */ = {isa = PBXFileReference; lastKnownFileType = sourcecode.swift; path = PopUpWindow.swift; sourceTree = "<group>"; };
		70E9DAE3265C36EC004FDEC8 /* BlueViewController.swift */ = {isa = PBXFileReference; lastKnownFileType = sourcecode.swift; path = BlueViewController.swift; sourceTree = "<group>"; };
/* End PBXFileReference section */

/* Begin PBXFrameworksBuildPhase section */
		700D8F61265A750500CE146F /* Frameworks */ = {
			isa = PBXFrameworksBuildPhase;
			buildActionMask = 2147483647;
			files = (
			);
			runOnlyForDeploymentPostprocessing = 0;
		};
		700D8F75265A750600CE146F /* Frameworks */ = {
			isa = PBXFrameworksBuildPhase;
			buildActionMask = 2147483647;
			files = (
			);
			runOnlyForDeploymentPostprocessing = 0;
		};
		700D8F80265A750600CE146F /* Frameworks */ = {
			isa = PBXFrameworksBuildPhase;
			buildActionMask = 2147483647;
			files = (
			);
			runOnlyForDeploymentPostprocessing = 0;
		};
/* End PBXFrameworksBuildPhase section */

/* Begin PBXGroup section */
		700D8F5B265A750500CE146F = {
			isa = PBXGroup;
			children = (
				70E9DAE1265C1673004FDEC8 /* PopUpWindow.swift */,
				700D8F66265A750500CE146F /* HelloWorld */,
				700D8F7B265A750600CE146F /* HelloWorldTests */,
				700D8F86265A750600CE146F /* HelloWorldUITests */,
				700D8F65265A750500CE146F /* Products */,
			);
			sourceTree = "<group>";
		};
		700D8F65265A750500CE146F /* Products */ = {
			isa = PBXGroup;
			children = (
				700D8F64265A750500CE146F /* HelloWorld.app */,
				700D8F78265A750600CE146F /* HelloWorldTests.xctest */,
				700D8F83265A750600CE146F /* HelloWorldUITests.xctest */,
			);
			name = Products;
			sourceTree = "<group>";
		};
		700D8F66265A750500CE146F /* HelloWorld */ = {
			isa = PBXGroup;
			children = (
				700D8F67265A750500CE146F /* AppDelegate.swift */,
				700D8F69265A750500CE146F /* ViewController.swift */,
				700D8F6B265A750500CE146F /* Main.storyboard */,
				700D8F6E265A750600CE146F /* Assets.xcassets */,
				700D8F70265A750600CE146F /* LaunchScreen.storyboard */,
				700D8F73265A750600CE146F /* Info.plist */,
				70E9DAE3265C36EC004FDEC8 /* BlueViewController.swift */,
			);
			path = HelloWorld;
			sourceTree = "<group>";
		};
		700D8F7B265A750600CE146F /* HelloWorldTests */ = {
			isa = PBXGroup;
			children = (
				700D8F7C265A750600CE146F /* HelloWorldTests.swift */,
				700D8F7E265A750600CE146F /* Info.plist */,
			);
			path = HelloWorldTests;
			sourceTree = "<group>";
		};
		700D8F86265A750600CE146F /* HelloWorldUITests */ = {
			isa = PBXGroup;
			children = (
				700D8F87265A750600CE146F /* HelloWorldUITests.swift */,
				700D8F89265A750600CE146F /* Info.plist */,
			);
			path = HelloWorldUITests;
			sourceTree = "<group>";
		};
/* End PBXGroup section */

/* Begin PBXNativeTarget section */
		700D8F63265A750500CE146F /* HelloWorld */ = {
			isa = PBXNativeTarget;
			buildConfigurationList = 700D8F8C265A750600CE146F /* Build configuration list for PBXNativeTarget "HelloWorld" */;
			buildPhases = (
				700D8F60265A750500CE146F /* Sources */,
				700D8F61265A750500CE146F /* Frameworks */,
				700D8F62265A750500CE146F /* Resources */,
			);
			buildRules = (
			);
			dependencies = (
			);
			name = HelloWorld;
			productName = HelloWorld;
			productReference = 700D8F64265A750500CE146F /* HelloWorld.app */;
			productType = "com.apple.product-type.application";
		};
		700D8F77265A750600CE146F /* HelloWorldTests */ = {
			isa = PBXNativeTarget;
			buildConfigurationList = 700D8F8F265A750600CE146F /* Build configuration list for PBXNativeTarget "HelloWorldTests" */;
			buildPhases = (
				700D8F74265A750600CE146F /* Sources */,
				700D8F75265A750600CE146F /* Frameworks */,
				700D8F76265A750600CE146F /* Resources */,
			);
			buildRules = (
			);
			dependencies = (
				700D8F7A265A750600CE146F /* PBXTargetDependency */,
			);
			name = HelloWorldTests;
			productName = HelloWorldTests;
			productReference = 700D8F78265A750600CE146F /* HelloWorldTests.xctest */;
			productType = "com.apple.product-type.bundle.unit-test";
		};
		700D8F82265A750600CE146F /* HelloWorldUITests */ = {
			isa = PBXNativeTarget;
			buildConfigurationList = 700D8F92265A750600CE146F /* Build configuration list for PBXNativeTarget "HelloWorldUITests" */;
			buildPhases = (
				700D8F7F265A750600CE146F /* Sources */,
				700D8F80265A750600CE146F /* Frameworks */,
				700D8F81265A750600CE146F /* Resources */,
			);
			buildRules = (
			);
			dependencies = (
				700D8F85265A750600CE146F /* PBXTargetDependency */,
			);
			name = HelloWorldUITests;
			productName = HelloWorldUITests;
			productReference = 700D8F83265A750600CE146F /* HelloWorldUITests.xctest */;
			productType = "com.apple.product-type.bundle.ui-testing";
		};
/* End PBXNativeTarget section */

/* Begin PBXProject section */
		700D8F5C265A750500CE146F /* Project object */ = {
			isa = PBXProject;
			attributes = {
				LastSwiftUpdateCheck = 1010;
				LastUpgradeCheck = 1010;
				ORGANIZATIONNAME = Nichole;
				TargetAttributes = {
					700D8F63265A750500CE146F = {
						CreatedOnToolsVersion = 10.1;
					};
					700D8F77265A750600CE146F = {
						CreatedOnToolsVersion = 10.1;
						TestTargetID = 700D8F63265A750500CE146F;
					};
					700D8F82265A750600CE146F = {
						CreatedOnToolsVersion = 10.1;
						TestTargetID = 700D8F63265A750500CE146F;
					};
				};
			};
			buildConfigurationList = 700D8F5F265A750500CE146F /* Build configuration list for PBXProject "HelloWorld" */;
			compatibilityVersion = "Xcode 9.3";
			developmentRegion = en;
			hasScannedForEncodings = 0;
			knownRegions = (
				en,
				Base,
			);
			mainGroup = 700D8F5B265A750500CE146F;
			productRefGroup = 700D8F65265A750500CE146F /* Products */;
			projectDirPath = "";
			projectRoot = "";
			targets = (
				700D8F63265A750500CE146F /* HelloWorld */,
				700D8F77265A750600CE146F /* HelloWorldTests */,
				700D8F82265A750600CE146F /* HelloWorldUITests */,
			);
		};
/* End PBXProject section */

/* Begin PBXResourcesBuildPhase section */
		700D8F62265A750500CE146F /* Resources */ = {
			isa = PBXResourcesBuildPhase;
			buildActionMask = 2147483647;
			files = (
				700D8F72265A750600CE146F /* LaunchScreen.storyboard in Resources */,
				700D8F6F265A750600CE146F /* Assets.xcassets in Resources */,
				700D8F6D265A750500CE146F /* Main.storyboard in Resources */,
			);
			runOnlyForDeploymentPostprocessing = 0;
		};
		700D8F76265A750600CE146F /* Resources */ = {
			isa = PBXResourcesBuildPhase;
			buildActionMask = 2147483647;
			files = (
			);
			runOnlyForDeploymentPostprocessing = 0;
		};
		700D8F81265A750600CE146F /* Resources */ = {
			isa = PBXResourcesBuildPhase;
			buildActionMask = 2147483647;
			files = (
			);
			runOnlyForDeploymentPostprocessing = 0;
		};
/* End PBXResourcesBuildPhase section */

/* Begin PBXSourcesBuildPhase section */
		700D8F60265A750500CE146F /* Sources */ = {
			isa = PBXSourcesBuildPhase;
			buildActionMask = 2147483647;
			files = (
				700D8F6A265A750500CE146F /* ViewController.swift in Sources */,
				700D8F68265A750500CE146F /* AppDelegate.swift in Sources */,
				70E9DAE4265C36EC004FDEC8 /* BlueViewController.swift in Sources */,
				70E9DAE2265C1673004FDEC8 /* PopUpWindow.swift in Sources */,
			);
			runOnlyForDeploymentPostprocessing = 0;
		};
		700D8F74265A750600CE146F /* Sources */ = {
			isa = PBXSourcesBuildPhase;
			buildActionMask = 2147483647;
			files = (
				700D8F7D265A750600CE146F /* HelloWorldTests.swift in Sources */,
			);
			runOnlyForDeploymentPostprocessing = 0;
		};
		700D8F7F265A750600CE146F /* Sources */ = {
			isa = PBXSourcesBuildPhase;
			buildActionMask = 2147483647;
			files = (
				700D8F88265A750600CE146F /* HelloWorldUITests.swift in Sources */,
			);
			runOnlyForDeploymentPostprocessing = 0;
		};
/* End PBXSourcesBuildPhase section */

/* Begin PBXTargetDependency section */
		700D8F7A265A750600CE146F /* PBXTargetDependency */ = {
			isa = PBXTargetDependency;
			target = 700D8F63265A750500CE146F /* HelloWorld */;
			targetProxy = 700D8F79265A750600CE146F /* PBXContainerItemProxy */;
		};
		700D8F85265A750600CE146F /* PBXTargetDependency */ = {
			isa = PBXTargetDependency;
			target = 700D8F63265A750500CE146F /* HelloWorld */;
			targetProxy = 700D8F84265A750600CE146F /* PBXContainerItemProxy */;
		};
/* End PBXTargetDependency section */

/* Begin PBXVariantGroup section */
		700D8F6B265A750500CE146F /* Main.storyboard */ = {
			isa = PBXVariantGroup;
			children = (
				700D8F6C265A750500CE146F /* Base */,
			);
			name = Main.storyboard;
			sourceTree = "<group>";
		};
		700D8F70265A750600CE146F /* LaunchScreen.storyboard */ = {
			isa = PBXVariantGroup;
			children = (
				700D8F71265A750600CE146F /* Base */,
			);
			name = LaunchScreen.storyboard;
			sourceTree = "<group>";
		};
/* End PBXVariantGroup section */

/* Begin XCBuildConfiguration section */
		700D8F8A265A750600CE146F /* Debug */ = {
			isa = XCBuildConfiguration;
			buildSettings = {
				ALWAYS_SEARCH_USER_PATHS = NO;
				CLANG_ANALYZER_NONNULL = YES;
				CLANG_ANALYZER_NUMBER_OBJECT_CONVERSION = YES_AGGRESSIVE;
				CLANG_CXX_LANGUAGE_STANDARD = "gnu++14";
				CLANG_CXX_LIBRARY = "libc++";
				CLANG_ENABLE_MODULES = YES;
				CLANG_ENABLE_OBJC_ARC = YES;
				CLANG_ENABLE_OBJC_WEAK = YES;
				CLANG_WARN_BLOCK_CAPTURE_AUTORELEASING = YES;
				CLANG_WARN_BOOL_CONVERSION = YES;
				CLANG_WARN_COMMA = YES;
				CLANG_WARN_CONSTANT_CONVERSION = YES;
				CLANG_WARN_DEPRECATED_OBJC_IMPLEMENTATIONS = YES;
				CLANG_WARN_DIRECT_OBJC_ISA_USAGE = YES_ERROR;
				CLANG_WARN_DOCUMENTATION_COMMENTS = YES;
				CLANG_WARN_EMPTY_BODY = YES;
				CLANG_WARN_ENUM_CONVERSION = YES;
				CLANG_WARN_INFINITE_RECURSION = YES;
				CLANG_WARN_INT_CONVERSION = YES;
				CLANG_WARN_NON_LITERAL_NULL_CONVERSION = YES;
				CLANG_WARN_OBJC_IMPLICIT_RETAIN_SELF = YES;
				CLANG_WARN_OBJC_LITERAL_CONVERSION = YES;
				CLANG_WARN_OBJC_ROOT_CLASS = YES_ERROR;
				CLANG_WARN_RANGE_LOOP_ANALYSIS = YES;
				CLANG_WARN_STRICT_PROTOTYPES = YES;
				CLANG_WARN_SUSPICIOUS_MOVE = YES;
				CLANG_WARN_UNGUARDED_AVAILABILITY = YES_AGGRESSIVE;
				CLANG_WARN_UNREACHABLE_CODE = YES;
				CLANG_WARN__DUPLICATE_METHOD_MATCH = YES;
				CODE_SIGN_IDENTITY = "iPhone Developer";
				COPY_PHASE_STRIP = NO;
				DEBUG_INFORMATION_FORMAT = dwarf;
				ENABLE_STRICT_OBJC_MSGSEND = YES;
				ENABLE_TESTABILITY = YES;
				GCC_C_LANGUAGE_STANDARD = gnu11;
				GCC_DYNAMIC_NO_PIC = NO;
				GCC_NO_COMMON_BLOCKS = YES;
				GCC_OPTIMIZATION_LEVEL = 0;
				GCC_PREPROCESSOR_DEFINITIONS = (
					"DEBUG=1",
					"$(inherited)",
				);
				GCC_WARN_64_TO_32_BIT_CONVERSION = YES;
				GCC_WARN_ABOUT_RETURN_TYPE = YES_ERROR;
				GCC_WARN_UNDECLARED_SELECTOR = YES;
				GCC_WARN_UNINITIALIZED_AUTOS = YES_AGGRESSIVE;
				GCC_WARN_UNUSED_FUNCTION = YES;
				GCC_WARN_UNUSED_VARIABLE = YES;
				IPHONEOS_DEPLOYMENT_TARGET = 12.1;
				MTL_ENABLE_DEBUG_INFO = INCLUDE_SOURCE;
				MTL_FAST_MATH = YES;
				ONLY_ACTIVE_ARCH = YES;
				SDKROOT = iphoneos;
				SWIFT_ACTIVE_COMPILATION_CONDITIONS = DEBUG;
				SWIFT_OPTIMIZATION_LEVEL = "-Onone";
			};
			name = Debug;
		};
		700D8F8B265A750600CE146F /* Release */ = {
			isa = XCBuildConfiguration;
			buildSettings = {
				ALWAYS_SEARCH_USER_PATHS = NO;
				CLANG_ANALYZER_NONNULL = YES;
				CLANG_ANALYZER_NUMBER_OBJECT_CONVERSION = YES_AGGRESSIVE;
				CLANG_CXX_LANGUAGE_STANDARD = "gnu++14";
				CLANG_CXX_LIBRARY = "libc++";
				CLANG_ENABLE_MODULES = YES;
				CLANG_ENABLE_OBJC_ARC = YES;
				CLANG_ENABLE_OBJC_WEAK = YES;
				CLANG_WARN_BLOCK_CAPTURE_AUTORELEASING = YES;
				CLANG_WARN_BOOL_CONVERSION = YES;
				CLANG_WARN_COMMA = YES;
				CLANG_WARN_CONSTANT_CONVERSION = YES;
				CLANG_WARN_DEPRECATED_OBJC_IMPLEMENTATIONS = YES;
				CLANG_WARN_DIRECT_OBJC_ISA_USAGE = YES_ERROR;
				CLANG_WARN_DOCUMENTATION_COMMENTS = YES;
				CLANG_WARN_EMPTY_BODY = YES;
				CLANG_WARN_ENUM_CONVERSION = YES;
				CLANG_WARN_INFINITE_RECURSION = YES;
				CLANG_WARN_INT_CONVERSION = YES;
				CLANG_WARN_NON_LITERAL_NULL_CONVERSION = YES;
				CLANG_WARN_OBJC_IMPLICIT_RETAIN_SELF = YES;
				CLANG_WARN_OBJC_LITERAL_CONVERSION = YES;
				CLANG_WARN_OBJC_ROOT_CLASS = YES_ERROR;
				CLANG_WARN_RANGE_LOOP_ANALYSIS = YES;
				CLANG_WARN_STRICT_PROTOTYPES = YES;
				CLANG_WARN_SUSPICIOUS_MOVE = YES;
				CLANG_WARN_UNGUARDED_AVAILABILITY = YES_AGGRESSIVE;
				CLANG_WARN_UNREACHABLE_CODE = YES;
				CLANG_WARN__DUPLICATE_METHOD_MATCH = YES;
				CODE_SIGN_IDENTITY = "iPhone Developer";
				COPY_PHASE_STRIP = NO;
				DEBUG_INFORMATION_FORMAT = "dwarf-with-dsym";
				ENABLE_NS_ASSERTIONS = NO;
				ENABLE_STRICT_OBJC_MSGSEND = YES;
				GCC_C_LANGUAGE_STANDARD = gnu11;
				GCC_NO_COMMON_BLOCKS = YES;
				GCC_WARN_64_TO_32_BIT_CONVERSION = YES;
				GCC_WARN_ABOUT_RETURN_TYPE = YES_ERROR;
				GCC_WARN_UNDECLARED_SELECTOR = YES;
				GCC_WARN_UNINITIALIZED_AUTOS = YES_AGGRESSIVE;
				GCC_WARN_UNUSED_FUNCTION = YES;
				GCC_WARN_UNUSED_VARIABLE = YES;
				IPHONEOS_DEPLOYMENT_TARGET = 12.1;
				MTL_ENABLE_DEBUG_INFO = NO;
				MTL_FAST_MATH = YES;
				SDKROOT = iphoneos;
				SWIFT_COMPILATION_MODE = wholemodule;
				SWIFT_OPTIMIZATION_LEVEL = "-O";
				VALIDATE_PRODUCT = YES;
			};
			name = Release;
		};
		700D8F8D265A750600CE146F /* Debug */ = {
			isa = XCBuildConfiguration;
			buildSettings = {
				ASSETCATALOG_COMPILER_APPICON_NAME = AppIcon;
				CODE_SIGN_STYLE = Automatic;
				INFOPLIST_FILE = HelloWorld/Info.plist;
				LD_RUNPATH_SEARCH_PATHS = (
					"$(inherited)",
					"@executable_path/Frameworks",
				);
				PRODUCT_BUNDLE_IDENTIFIER = Nichole.HelloWorld;
				PRODUCT_NAME = "$(TARGET_NAME)";
				SWIFT_VERSION = 4.2;
				TARGETED_DEVICE_FAMILY = "1,2";
			};
			name = Debug;
		};
		700D8F8E265A750600CE146F /* Release */ = {
			isa = XCBuildConfiguration;
			buildSettings = {
				ASSETCATALOG_COMPILER_APPICON_NAME = AppIcon;
				CODE_SIGN_STYLE = Automatic;
				INFOPLIST_FILE = HelloWorld/Info.plist;
				LD_RUNPATH_SEARCH_PATHS = (
					"$(inherited)",
					"@executable_path/Frameworks",
				);
				PRODUCT_BUNDLE_IDENTIFIER = Nichole.HelloWorld;
				PRODUCT_NAME = "$(TARGET_NAME)";
				SWIFT_VERSION = 4.2;
				TARGETED_DEVICE_FAMILY = "1,2";
			};
			name = Release;
		};
		700D8F90265A750600CE146F /* Debug */ = {
			isa = XCBuildConfiguration;
			buildSettings = {
				ALWAYS_EMBED_SWIFT_STANDARD_LIBRARIES = YES;
				BUNDLE_LOADER = "$(TEST_HOST)";
				CODE_SIGN_STYLE = Automatic;
				INFOPLIST_FILE = HelloWorldTests/Info.plist;
				LD_RUNPATH_SEARCH_PATHS = (
					"$(inherited)",
					"@executable_path/Frameworks",
					"@loader_path/Frameworks",
				);
				PRODUCT_BUNDLE_IDENTIFIER = Nichole.HelloWorldTests;
				PRODUCT_NAME = "$(TARGET_NAME)";
				SWIFT_VERSION = 4.2;
				TARGETED_DEVICE_FAMILY = "1,2";
				TEST_HOST = "$(BUILT_PRODUCTS_DIR)/HelloWorld.app/HelloWorld";
			};
			name = Debug;
		};
		700D8F91265A750600CE146F /* Release */ = {
			isa = XCBuildConfiguration;
			buildSettings = {
				ALWAYS_EMBED_SWIFT_STANDARD_LIBRARIES = YES;
				BUNDLE_LOADER = "$(TEST_HOST)";
				CODE_SIGN_STYLE = Automatic;
				INFOPLIST_FILE = HelloWorldTests/Info.plist;
				LD_RUNPATH_SEARCH_PATHS = (
					"$(inherited)",
					"@executable_path/Frameworks",
					"@loader_path/Frameworks",
				);
				PRODUCT_BUNDLE_IDENTIFIER = Nichole.HelloWorldTests;
				PRODUCT_NAME = "$(TARGET_NAME)";
				SWIFT_VERSION = 4.2;
				TARGETED_DEVICE_FAMILY = "1,2";
				TEST_HOST = "$(BUILT_PRODUCTS_DIR)/HelloWorld.app/HelloWorld";
			};
			name = Release;
		};
		700D8F93265A750600CE146F /* Debug */ = {
			isa = XCBuildConfiguration;
			buildSettings = {
				ALWAYS_EMBED_SWIFT_STANDARD_LIBRARIES = YES;
				CODE_SIGN_STYLE = Automatic;
				INFOPLIST_FILE = HelloWorldUITests/Info.plist;
				LD_RUNPATH_SEARCH_PATHS = (
					"$(inherited)",
					"@executable_path/Frameworks",
					"@loader_path/Frameworks",
				);
				PRODUCT_BUNDLE_IDENTIFIER = Nichole.HelloWorldUITests;
				PRODUCT_NAME = "$(TARGET_NAME)";
				SWIFT_VERSION = 4.2;
				TARGETED_DEVICE_FAMILY = "1,2";
				TEST_TARGET_NAME = HelloWorld;
			};
			name = Debug;
		};
		700D8F94265A750600CE146F /* Release */ = {
			isa = XCBuildConfiguration;
			buildSettings = {
				ALWAYS_EMBED_SWIFT_STANDARD_LIBRARIES = YES;
				CODE_SIGN_STYLE = Automatic;
				INFOPLIST_FILE = HelloWorldUITests/Info.plist;
				LD_RUNPATH_SEARCH_PATHS = (
					"$(inherited)",
					"@executable_path/Frameworks",
					"@loader_path/Frameworks",
				);
				PRODUCT_BUNDLE_IDENTIFIER = Nichole.HelloWorldUITests;
				PRODUCT_NAME = "$(TARGET_NAME)";
				SWIFT_VERSION = 4.2;
				TARGETED_DEVICE_FAMILY = "1,2";
				TEST_TARGET_NAME = HelloWorld;
			};
			name = Release;
		};
/* End XCBuildConfiguration section */

/* Begin XCConfigurationList section */
		700D8F5F265A750500CE146F /* Build configuration list for PBXProject "HelloWorld" */ = {
			isa = XCConfigurationList;
			buildConfigurations = (
				700D8F8A265A750600CE146F /* Debug */,
				700D8F8B265A750600CE146F /* Release */,
			);
			defaultConfigurationIsVisible = 0;
			defaultConfigurationName = Release;
		};
		700D8F8C265A750600CE146F /* Build configuration list for PBXNativeTarget "HelloWorld" */ = {
			isa = XCConfigurationList;
			buildConfigurations = (
				700D8F8D265A750600CE146F /* Debug */,
				700D8F8E265A750600CE146F /* Release */,
			);
			defaultConfigurationIsVisible = 0;
			defaultConfigurationName = Release;
		};
		700D8F8F265A750600CE146F /* Build configuration list for PBXNativeTarget "HelloWorldTests" */ = {
			isa = XCConfigurationList;
			buildConfigurations = (
				700D8F90265A750600CE146F /* Debug */,
				700D8F91265A750600CE146F /* Release */,
			);
			defaultConfigurationIsVisible = 0;
			defaultConfigurationName = Release;
		};
		700D8F92265A750600CE146F /* Build configuration list for PBXNativeTarget "HelloWorldUITests" */ = {
			isa = XCConfigurationList;
			buildConfigurations = (
				700D8F93265A750600CE146F /* Debug */,
				700D8F94265A750600CE146F /* Release */,
			);
			defaultConfigurationIsVisible = 0;
			defaultConfigurationName = Release;
		};
/* End XCConfigurationList section */
	};
	rootObject = 700D8F5C265A750500CE146F /* Project object */;
}
